
Microsoft Visual Studio Solution File, Format Version 12.00
# Visual Studio Version 17
VisualStudioVersion = 17.5.33530.505
MinimumVisualStudioVersion = 10.0.40219.1
Project("{FAE04EC0-301F-11D3-BF4B-00C04F79EFBC}") = "Prueba Técnica", "Prueba Técnica.csproj", "{EDD0D22E-097E-4360-B11F-1FC753A5D2D0}"
EndProject
Global
	GlobalSection(SolutionConfigurationPlatforms) = preSolution
		Debug|Any CPU = Debug|Any CPU
		Release|Any CPU = Release|Any CPU
	EndGlobalSection
	GlobalSection(ProjectConfigurationPlatforms) = postSolution
		{EDD0D22E-097E-4360-B11F-1FC753A5D2D0}.Debug|Any CPU.ActiveCfg = Debug|Any CPU
		{EDD0D22E-097E-4360-B11F-1FC753A5D2D0}.Debug|Any CPU.Build.0 = Debug|Any CPU
		{EDD0D22E-097E-4360-B11F-1FC753A5D2D0}.Release|Any CPU.ActiveCfg = Release|Any CPU
		{EDD0D22E-097E-4360-B11F-1FC753A5D2D0}.Release|Any CPU.Build.0 = Release|Any CPU
	EndGlobalSection
	GlobalSection(SolutionProperties) = preSolution
		HideSolutionNode = FALSE
	EndGlobalSection
	GlobalSection(ExtensibilityGlobals) = postSolution
		SolutionGuid = {E074ED9D-636F-4DFF-8B5A-D56E3EC80B5A}
	EndGlobalSection
EndGlobal
